
Microsoft Visual Studio Solution File, Format Version 11.00
# Visual Studio 2010
Project("{FAE04EC0-301F-11D3-BF4B-00C04F79EFBC}") = "Nova", "Nova.csproj", "{ecc6d1df-e049-dfe6-01c0-582bddfe1da0}"
EndProject
Project("{FAE04EC0-301F-11D3-BF4B-00C04F79EFBC}") = "MoreMountains.Feedbacks", "MoreMountains.Feedbacks.csproj", "{4073c94b-92ba-5ed6-5319-d5f4fb45194f}"
EndProject
Project("{FAE04EC0-301F-11D3-BF4B-00C04F79EFBC}") = "DamageNumbersPro", "DamageNumbersPro.csproj", "{57099fc7-02ac-6703-9eed-597d90d86d54}"
EndProject
Project("{FAE04EC0-301F-11D3-BF4B-00C04F79EFBC}") = "Assembly-CSharp-firstpass", "Assembly-CSharp-firstpass.csproj", "{04659f1f-621c-ffae-a9d6-770e6df5ce93}"
EndProject
Project("{FAE04EC0-301F-11D3-BF4B-00C04F79EFBC}") = "Assembly-CSharp", "Assembly-CSharp.csproj", "{b15a08e6-52fe-6db7-99e1-c392207c718a}"
EndProject
Project("{FAE04EC0-301F-11D3-BF4B-00C04F79EFBC}") = "AllIn1VfxDemoScriptAssemblies", "AllIn1VfxDemoScriptAssemblies.csproj", "{29262eac-d700-8238-a55c-3a46ddbcf8a4}"
EndProject
Project("{FAE04EC0-301F-11D3-BF4B-00C04F79EFBC}") = "Nova.Editor", "Nova.Editor.csproj", "{89b35ec9-8a88-73bc-4709-8dd095aa0da6}"
EndProject
Project("{FAE04EC0-301F-11D3-BF4B-00C04F79EFBC}") = "MoreMountains.Tools", "MoreMountains.Tools.csproj", "{2f208f72-a592-db33-7578-7452a76a7117}"
EndProject
Project("{FAE04EC0-301F-11D3-BF4B-00C04F79EFBC}") = "MoreMountains.Feedbacks.Editor", "MoreMountains.Feedbacks.Editor.csproj", "{822cf50f-03d9-475e-fcf0-78be14507483}"
EndProject
Project("{FAE04EC0-301F-11D3-BF4B-00C04F79EFBC}") = "Nova.Compat", "Nova.Compat.csproj", "{1e34a88b-be3e-e553-67be-cd29cfc2730b}"
EndProject
Project("{FAE04EC0-301F-11D3-BF4B-00C04F79EFBC}") = "MoreMountains.Tools.Editor", "MoreMountains.Tools.Editor.csproj", "{b47ad9c4-ab8b-4c7f-ac4c-79ebba5acca1}"
EndProject
Project("{FAE04EC0-301F-11D3-BF4B-00C04F79EFBC}") = "MoreMountains.Feedbacks.TextMeshPro", "MoreMountains.Feedbacks.TextMeshPro.csproj", "{8ce609cc-0afe-3571-a856-ddd36d100540}"
EndProject
Project("{FAE04EC0-301F-11D3-BF4B-00C04F79EFBC}") = "AllIn1VfxAssmebly", "AllIn1VfxAssmebly.csproj", "{ab95a237-2472-288e-56b2-74a7ff93bf9c}"
EndProject
Project("{FAE04EC0-301F-11D3-BF4B-00C04F79EFBC}") = "Assembly-CSharp-Editor-firstpass", "Assembly-CSharp-Editor-firstpass.csproj", "{79c5d831-b083-1008-2b56-b2df135804f3}"
EndProject
Project("{FAE04EC0-301F-11D3-BF4B-00C04F79EFBC}") = "MoreMountains.Feedbacks.HDRP", "MoreMountains.Feedbacks.HDRP.csproj", "{2a33c7fc-bd24-f0ec-12c2-ec8e5fb6ed2b}"
EndProject
Project("{FAE04EC0-301F-11D3-BF4B-00C04F79EFBC}") = "MoreMountains.Feedbacks.PostProcessing", "MoreMountains.Feedbacks.PostProcessing.csproj", "{27d85fc0-2d62-2976-1360-d9fea119d182}"
EndProject
Project("{FAE04EC0-301F-11D3-BF4B-00C04F79EFBC}") = "Nova.UIControls", "Nova.UIControls.csproj", "{91435f0a-748e-e96d-0a21-ae19a70bfb9a}"
EndProject
Project("{FAE04EC0-301F-11D3-BF4B-00C04F79EFBC}") = "MoreMountains.Feedbacks.URP", "MoreMountains.Feedbacks.URP.csproj", "{bfa935bc-cbd1-a033-6fbb-3868027eeb87}"
EndProject
Project("{FAE04EC0-301F-11D3-BF4B-00C04F79EFBC}") = "MoreMountains.Feedbacks.MMTools", "MoreMountains.Feedbacks.MMTools.csproj", "{d49b15a9-bbaf-58c5-c98e-d7c582a5ac41}"
EndProject
Project("{FAE04EC0-301F-11D3-BF4B-00C04F79EFBC}") = "Lofelt.NiceVibrations", "Lofelt.NiceVibrations.csproj", "{71af4d42-f059-9292-aee9-dd9c645ee036}"
EndProject
Project("{FAE04EC0-301F-11D3-BF4B-00C04F79EFBC}") = "MoreMountains.Feedbacks.Cinemachine", "MoreMountains.Feedbacks.Cinemachine.csproj", "{e96d7149-8c06-0346-3aac-4c67ba813ffa}"
EndProject
Project("{FAE04EC0-301F-11D3-BF4B-00C04F79EFBC}") = "Assembly-CSharp-Editor", "Assembly-CSharp-Editor.csproj", "{b3eed1ce-4b0c-21c4-9165-41459bcb52ab}"
EndProject
Project("{FAE04EC0-301F-11D3-BF4B-00C04F79EFBC}") = "MoreMountains.Feedbacks.NiceVibrations", "MoreMountains.Feedbacks.NiceVibrations.csproj", "{b6c92537-a843-a982-e25b-025b5f81a946}"
EndProject
Project("{FAE04EC0-301F-11D3-BF4B-00C04F79EFBC}") = "MoreMountains.Feedbacks.Authorizations", "MoreMountains.Feedbacks.Authorizations.csproj", "{07393e57-d7cb-74b6-403c-78c77bb698b2}"
EndProject
Project("{FAE04EC0-301F-11D3-BF4B-00C04F79EFBC}") = "Nova.UIControls.Editor", "Nova.UIControls.Editor.csproj", "{be8d116a-6cb4-3ed3-1f35-41fb3dda7d04}"
EndProject
Project("{FAE04EC0-301F-11D3-BF4B-00C04F79EFBC}") = "AllIn1VfxTexDemoAssembly", "AllIn1VfxTexDemoAssembly.csproj", "{c3e18277-8591-9114-db42-1c97366f1aaf}"
EndProject
Project("{FAE04EC0-301F-11D3-BF4B-00C04F79EFBC}") = "Lofelt.NiceVibrations.Editor", "Lofelt.NiceVibrations.Editor.csproj", "{f051d3f0-8315-10de-de25-fe34464019b9}"
EndProject
Project("{FAE04EC0-301F-11D3-BF4B-00C04F79EFBC}") = "Sirenix.OdinInspector.Modules.UnityMathematics", "Sirenix.OdinInspector.Modules.UnityMathematics.csproj", "{b3848539-ea5c-991c-1652-592a9a2330e7}"
EndProject
Global
	GlobalSection(SolutionConfigurationPlatforms) = preSolution
		Debug|Any CPU = Debug|Any CPU
	EndGlobalSection
	GlobalSection(ProjectConfigurationPlatforms) = postSolution
		{ecc6d1df-e049-dfe6-01c0-582bddfe1da0}.Debug|Any CPU.ActiveCfg = Debug|Any CPU
		{ecc6d1df-e049-dfe6-01c0-582bddfe1da0}.Debug|Any CPU.Build.0 = Debug|Any CPU
		{4073c94b-92ba-5ed6-5319-d5f4fb45194f}.Debug|Any CPU.ActiveCfg = Debug|Any CPU
		{4073c94b-92ba-5ed6-5319-d5f4fb45194f}.Debug|Any CPU.Build.0 = Debug|Any CPU
		{57099fc7-02ac-6703-9eed-597d90d86d54}.Debug|Any CPU.ActiveCfg = Debug|Any CPU
		{57099fc7-02ac-6703-9eed-597d90d86d54}.Debug|Any CPU.Build.0 = Debug|Any CPU
		{04659f1f-621c-ffae-a9d6-770e6df5ce93}.Debug|Any CPU.ActiveCfg = Debug|Any CPU
		{04659f1f-621c-ffae-a9d6-770e6df5ce93}.Debug|Any CPU.Build.0 = Debug|Any CPU
		{b15a08e6-52fe-6db7-99e1-c392207c718a}.Debug|Any CPU.ActiveCfg = Debug|Any CPU
		{b15a08e6-52fe-6db7-99e1-c392207c718a}.Debug|Any CPU.Build.0 = Debug|Any CPU
		{29262eac-d700-8238-a55c-3a46ddbcf8a4}.Debug|Any CPU.ActiveCfg = Debug|Any CPU
		{29262eac-d700-8238-a55c-3a46ddbcf8a4}.Debug|Any CPU.Build.0 = Debug|Any CPU
		{89b35ec9-8a88-73bc-4709-8dd095aa0da6}.Debug|Any CPU.ActiveCfg = Debug|Any CPU
		{89b35ec9-8a88-73bc-4709-8dd095aa0da6}.Debug|Any CPU.Build.0 = Debug|Any CPU
		{2f208f72-a592-db33-7578-7452a76a7117}.Debug|Any CPU.ActiveCfg = Debug|Any CPU
		{2f208f72-a592-db33-7578-7452a76a7117}.Debug|Any CPU.Build.0 = Debug|Any CPU
		{822cf50f-03d9-475e-fcf0-78be14507483}.Debug|Any CPU.ActiveCfg = Debug|Any CPU
		{822cf50f-03d9-475e-fcf0-78be14507483}.Debug|Any CPU.Build.0 = Debug|Any CPU
		{1e34a88b-be3e-e553-67be-cd29cfc2730b}.Debug|Any CPU.ActiveCfg = Debug|Any CPU
		{1e34a88b-be3e-e553-67be-cd29cfc2730b}.Debug|Any CPU.Build.0 = Debug|Any CPU
		{b47ad9c4-ab8b-4c7f-ac4c-79ebba5acca1}.Debug|Any CPU.ActiveCfg = Debug|Any CPU
		{b47ad9c4-ab8b-4c7f-ac4c-79ebba5acca1}.Debug|Any CPU.Build.0 = Debug|Any CPU
		{8ce609cc-0afe-3571-a856-ddd36d100540}.Debug|Any CPU.ActiveCfg = Debug|Any CPU
		{8ce609cc-0afe-3571-a856-ddd36d100540}.Debug|Any CPU.Build.0 = Debug|Any CPU
		{ab95a237-2472-288e-56b2-74a7ff93bf9c}.Debug|Any CPU.ActiveCfg = Debug|Any CPU
		{ab95a237-2472-288e-56b2-74a7ff93bf9c}.Debug|Any CPU.Build.0 = Debug|Any CPU
		{79c5d831-b083-1008-2b56-b2df135804f3}.Debug|Any CPU.ActiveCfg = Debug|Any CPU
		{79c5d831-b083-1008-2b56-b2df135804f3}.Debug|Any CPU.Build.0 = Debug|Any CPU
		{2a33c7fc-bd24-f0ec-12c2-ec8e5fb6ed2b}.Debug|Any CPU.ActiveCfg = Debug|Any CPU
		{2a33c7fc-bd24-f0ec-12c2-ec8e5fb6ed2b}.Debug|Any CPU.Build.0 = Debug|Any CPU
		{27d85fc0-2d62-2976-1360-d9fea119d182}.Debug|Any CPU.ActiveCfg = Debug|Any CPU
		{27d85fc0-2d62-2976-1360-d9fea119d182}.Debug|Any CPU.Build.0 = Debug|Any CPU
		{91435f0a-748e-e96d-0a21-ae19a70bfb9a}.Debug|Any CPU.ActiveCfg = Debug|Any CPU
		{91435f0a-748e-e96d-0a21-ae19a70bfb9a}.Debug|Any CPU.Build.0 = Debug|Any CPU
		{bfa935bc-cbd1-a033-6fbb-3868027eeb87}.Debug|Any CPU.ActiveCfg = Debug|Any CPU
		{bfa935bc-cbd1-a033-6fbb-3868027eeb87}.Debug|Any CPU.Build.0 = Debug|Any CPU
		{d49b15a9-bbaf-58c5-c98e-d7c582a5ac41}.Debug|Any CPU.ActiveCfg = Debug|Any CPU
		{d49b15a9-bbaf-58c5-c98e-d7c582a5ac41}.Debug|Any CPU.Build.0 = Debug|Any CPU
		{71af4d42-f059-9292-aee9-dd9c645ee036}.Debug|Any CPU.ActiveCfg = Debug|Any CPU
		{71af4d42-f059-9292-aee9-dd9c645ee036}.Debug|Any CPU.Build.0 = Debug|Any CPU
		{e96d7149-8c06-0346-3aac-4c67ba813ffa}.Debug|Any CPU.ActiveCfg = Debug|Any CPU
		{e96d7149-8c06-0346-3aac-4c67ba813ffa}.Debug|Any CPU.Build.0 = Debug|Any CPU
		{b3eed1ce-4b0c-21c4-9165-41459bcb52ab}.Debug|Any CPU.ActiveCfg = Debug|Any CPU
		{b3eed1ce-4b0c-21c4-9165-41459bcb52ab}.Debug|Any CPU.Build.0 = Debug|Any CPU
		{b6c92537-a843-a982-e25b-025b5f81a946}.Debug|Any CPU.ActiveCfg = Debug|Any CPU
		{b6c92537-a843-a982-e25b-025b5f81a946}.Debug|Any CPU.Build.0 = Debug|Any CPU
		{07393e57-d7cb-74b6-403c-78c77bb698b2}.Debug|Any CPU.ActiveCfg = Debug|Any CPU
		{07393e57-d7cb-74b6-403c-78c77bb698b2}.Debug|Any CPU.Build.0 = Debug|Any CPU
		{be8d116a-6cb4-3ed3-1f35-41fb3dda7d04}.Debug|Any CPU.ActiveCfg = Debug|Any CPU
		{be8d116a-6cb4-3ed3-1f35-41fb3dda7d04}.Debug|Any CPU.Build.0 = Debug|Any CPU
		{c3e18277-8591-9114-db42-1c97366f1aaf}.Debug|Any CPU.ActiveCfg = Debug|Any CPU
		{c3e18277-8591-9114-db42-1c97366f1aaf}.Debug|Any CPU.Build.0 = Debug|Any CPU
		{f051d3f0-8315-10de-de25-fe34464019b9}.Debug|Any CPU.ActiveCfg = Debug|Any CPU
		{f051d3f0-8315-10de-de25-fe34464019b9}.Debug|Any CPU.Build.0 = Debug|Any CPU
		{b3848539-ea5c-991c-1652-592a9a2330e7}.Debug|Any CPU.ActiveCfg = Debug|Any CPU
		{b3848539-ea5c-991c-1652-592a9a2330e7}.Debug|Any CPU.Build.0 = Debug|Any CPU
	EndGlobalSection
	GlobalSection(SolutionProperties) = preSolution
		HideSolutionNode = FALSE
	EndGlobalSection
EndGlobal
